
Microsoft Visual Studio Solution File, Format Version 12.00
# Visual Studio Version 16
VisualStudioVersion = 16.0.30907.101
MinimumVisualStudioVersion = 10.0.40219.1
Project("{F184B08F-C81C-45F6-A57F-5ABD9991F28F}") = "algo", "algo\algo.vbproj", "{FAFE8689-D8DD-40EA-80CC-C04B4B336C57}"
EndProject
Global
	GlobalSection(SolutionConfigurationPlatforms) = preSolution
		Debug|Any CPU = Debug|Any CPU
		Release|Any CPU = Release|Any CPU
	EndGlobalSection
	GlobalSection(ProjectConfigurationPlatforms) = postSolution
		{FAFE8689-D8DD-40EA-80CC-C04B4B336C57}.Debug|Any CPU.ActiveCfg = Debug|Any CPU
		{FAFE8689-D8DD-40EA-80CC-C04B4B336C57}.Debug|Any CPU.Build.0 = Debug|Any CPU
		{FAFE8689-D8DD-40EA-80CC-C04B4B336C57}.Release|Any CPU.ActiveCfg = Release|Any CPU
		{FAFE8689-D8DD-40EA-80CC-C04B4B336C57}.Release|Any CPU.Build.0 = Release|Any CPU
	EndGlobalSection
	GlobalSection(SolutionProperties) = preSolution
		HideSolutionNode = FALSE
	EndGlobalSection
	GlobalSection(ExtensibilityGlobals) = postSolution
		SolutionGuid = {911D1A59-A271-414F-BF26-77119993A9E4}
	EndGlobalSection
EndGlobal
